
Microsoft Visual Studio Solution File, Format Version 12.00
# Visual Studio Version 16
VisualStudioVersion = 16.0.30225.117
MinimumVisualStudioVersion = 10.0.40219.1
Project("{FAE04EC0-301F-11D3-BF4B-00C04F79EFBC}") = "WeAPI", "WeAPI\WeAPI.csproj", "{43F70C20-B1C7-4A69-93B4-21D16213495D}"
EndProject
Global
	GlobalSection(SolutionConfigurationPlatforms) = preSolution
		Debug|Any CPU = Debug|Any CPU
		Release|Any CPU = Release|Any CPU
	EndGlobalSection
	GlobalSection(ProjectConfigurationPlatforms) = postSolution
		{43F70C20-B1C7-4A69-93B4-21D16213495D}.Debug|Any CPU.ActiveCfg = Debug|Any CPU
		{43F70C20-B1C7-4A69-93B4-21D16213495D}.Debug|Any CPU.Build.0 = Debug|Any CPU
		{43F70C20-B1C7-4A69-93B4-21D16213495D}.Release|Any CPU.ActiveCfg = Release|Any CPU
		{43F70C20-B1C7-4A69-93B4-21D16213495D}.Release|Any CPU.Build.0 = Release|Any CPU
	EndGlobalSection
	GlobalSection(SolutionProperties) = preSolution
		HideSolutionNode = FALSE
	EndGlobalSection
	GlobalSection(ExtensibilityGlobals) = postSolution
		SolutionGuid = {4E25A24F-E5FF-49F8-AC0A-088B6EE4BAE3}
	EndGlobalSection
EndGlobal
